Microsoft Visual Studio Solution File, Format Version 12.00
# Visual Studio Version 17
VisualStudioVersion = 17.5.2.0
MinimumVisualStudioVersion = 10.0.40219.1
Project("{FAE04EC0-301F-11D3-BF4B-00C04F79EFBC}") = "SmartDeliveryService", "SmartDeliveryService.csproj", "{68306B50-4969-E592-9C0E-5B985EA0A1C1}"
EndProject
Global
	GlobalSection(SolutionConfigurationPlatforms) = preSolution
		Debug|Any CPU = Debug|Any CPU
		Release|Any CPU = Release|Any CPU
	EndGlobalSection
	GlobalSection(ProjectConfigurationPlatforms) = postSolution
		{68306B50-4969-E592-9C0E-5B985EA0A1C1}.Debug|Any CPU.ActiveCfg = Debug|Any CPU
		{68306B50-4969-E592-9C0E-5B985EA0A1C1}.Debug|Any CPU.Build.0 = Debug|Any CPU
		{68306B50-4969-E592-9C0E-5B985EA0A1C1}.Release|Any CPU.ActiveCfg = Release|Any CPU
		{68306B50-4969-E592-9C0E-5B985EA0A1C1}.Release|Any CPU.Build.0 = Release|Any CPU
	EndGlobalSection
	GlobalSection(SolutionProperties) = preSolution
		HideSolutionNode = FALSE
	EndGlobalSection
	GlobalSection(ExtensibilityGlobals) = postSolution
		SolutionGuid = {4BEB7445-A637-42DE-91D1-6AA10AF9CB8A}
	EndGlobalSection
EndGlobal
